// !$*UTF8*$!
{
	archiveVersion = 1;
	classes = {
	};
	objectVersion = 56;
	objects = {

/* Begin PBXBuildFile section */
		1DAAA09129313D00001268A0 /* GoogleService-Info.plist in Resources */ = {isa = PBXBuildFile; fileRef = 1DAAA09029313CFF001268A0 /* GoogleService-Info.plist */; };
		1DAAA09429313F4D001268A0 /* FirebaseAuth in Frameworks */ = {isa = PBXBuildFile; productRef = 1DAAA09329313F4D001268A0 /* FirebaseAuth */; };
		1DAAA09629313F4D001268A0 /* FirebaseDatabase in Frameworks */ = {isa = PBXBuildFile; productRef = 1DAAA09529313F4D001268A0 /* FirebaseDatabase */; };
		1DAAA09829313F4D001268A0 /* FirebaseDatabaseSwift in Frameworks */ = {isa = PBXBuildFile; productRef = 1DAAA09729313F4D001268A0 /* FirebaseDatabaseSwift */; };
		1DC6495A2932F6C2001670CF /* LogIn.swift in Sources */ = {isa = PBXBuildFile; fileRef = 1DC649592932F6C2001670CF /* LogIn.swift */; };
		D908D62F29286FEC0058B778 /* Group_51_Final_ProjectApp.swift in Sources */ = {isa = PBXBuildFile; fileRef = D908D62E29286FEC0058B778 /* Group_51_Final_ProjectApp.swift */; };
		D908D63129286FEC0058B778 /* ContentView.swift in Sources */ = {isa = PBXBuildFile; fileRef = D908D63029286FEC0058B778 /* ContentView.swift */; };
		D908D63329286FEE0058B778 /* Assets.xcassets in Resources */ = {isa = PBXBuildFile; fileRef = D908D63229286FEE0058B778 /* Assets.xcassets */; };
		D908D63629286FEE0058B778 /* Preview Assets.xcassets in Resources */ = {isa = PBXBuildFile; fileRef = D908D63529286FEE0058B778 /* Preview Assets.xcassets */; };
		D908D63D292870A30058B778 /* RecommendationView.swift in Sources */ = {isa = PBXBuildFile; fileRef = D908D63C292870A30058B778 /* RecommendationView.swift */; };
		D908D63F292872100058B778 /* MovieListView.swift in Sources */ = {isa = PBXBuildFile; fileRef = D908D63E292872100058B778 /* MovieListView.swift */; };
		D908D641292872460058B778 /* WatchListView.swift in Sources */ = {isa = PBXBuildFile; fileRef = D908D640292872460058B778 /* WatchListView.swift */; };
		D908D643292874DB0058B778 /* Movie.swift in Sources */ = {isa = PBXBuildFile; fileRef = D908D642292874DB0058B778 /* Movie.swift */; };
/* End PBXBuildFile section */

/* Begin PBXFileReference section */
		1DAAA09029313CFF001268A0 /* GoogleService-Info.plist */ = {isa = PBXFileReference; fileEncoding = 4; lastKnownFileType = text.plist.xml; path = "GoogleService-Info.plist"; sourceTree = "<group>"; };
		1DC649592932F6C2001670CF /* LogIn.swift */ = {isa = PBXFileReference; lastKnownFileType = sourcecode.swift; path = LogIn.swift; sourceTree = "<group>"; };
		D908D62B29286FEC0058B778 /* Group 51 Final Project.app */ = {isa = PBXFileReference; explicitFileType = wrapper.application; includeInIndex = 0; path = "Group 51 Final Project.app"; sourceTree = BUILT_PRODUCTS_DIR; };
		D908D62E29286FEC0058B778 /* Group_51_Final_ProjectApp.swift */ = {isa = PBXFileReference; lastKnownFileType = sourcecode.swift; path = Group_51_Final_ProjectApp.swift; sourceTree = "<group>"; };
		D908D63029286FEC0058B778 /* ContentView.swift */ = {isa = PBXFileReference; lastKnownFileType = sourcecode.swift; path = ContentView.swift; sourceTree = "<group>"; };
		D908D63229286FEE0058B778 /* Assets.xcassets */ = {isa = PBXFileReference; lastKnownFileType = folder.assetcatalog; path = Assets.xcassets; sourceTree = "<group>"; };
		D908D63529286FEE0058B778 /* Preview Assets.xcassets */ = {isa = PBXFileReference; lastKnownFileType = folder.assetcatalog; path = "Preview Assets.xcassets"; sourceTree = "<group>"; };
		D908D63C292870A30058B778 /* RecommendationView.swift */ = {isa = PBXFileReference; lastKnownFileType = sourcecode.swift; path = RecommendationView.swift; sourceTree = "<group>"; };
		D908D63E292872100058B778 /* MovieListView.swift */ = {isa = PBXFileReference; lastKnownFileType = sourcecode.swift; path = MovieListView.swift; sourceTree = "<group>"; };
		D908D640292872460058B778 /* WatchListView.swift */ = {isa = PBXFileReference; lastKnownFileType = sourcecode.swift; path = WatchListView.swift; sourceTree = "<group>"; };
		D908D642292874DB0058B778 /* Movie.swift */ = {isa = PBXFileReference; lastKnownFileType = sourcecode.swift; path = Movie.swift; sourceTree = "<group>"; };
/* End PBXFileReference section */

/* Begin PBXFrameworksBuildPhase section */
		D908D62829286FEC0058B778 /* Frameworks */ = {
			isa = PBXFrameworksBuildPhase;
			buildActionMask = 2147483647;
			files = (
				1DAAA09829313F4D001268A0 /* FirebaseDatabaseSwift in Frameworks */,
				1DAAA09629313F4D001268A0 /* FirebaseDatabase in Frameworks */,
				1DAAA09429313F4D001268A0 /* FirebaseAuth in Frameworks */,
			);
			runOnlyForDeploymentPostprocessing = 0;
		};
/* End PBXFrameworksBuildPhase section */

/* Begin PBXGroup section */
		D908D62229286FEC0058B778 = {
			isa = PBXGroup;
			children = (
				D908D62D29286FEC0058B778 /* Group 51 Final Project */,
				D908D62C29286FEC0058B778 /* Products */,
			);
			sourceTree = "<group>";
		};
		D908D62C29286FEC0058B778 /* Products */ = {
			isa = PBXGroup;
			children = (
				D908D62B29286FEC0058B778 /* Group 51 Final Project.app */,
			);
			name = Products;
			sourceTree = "<group>";
		};
		D908D62D29286FEC0058B778 /* Group 51 Final Project */ = {
			isa = PBXGroup;
			children = (
				1DAAA09029313CFF001268A0 /* GoogleService-Info.plist */,
				D908D62E29286FEC0058B778 /* Group_51_Final_ProjectApp.swift */,
				1DC649592932F6C2001670CF /* LogIn.swift */,
				D908D63029286FEC0058B778 /* ContentView.swift */,
				D908D640292872460058B778 /* WatchListView.swift */,
				D908D63E292872100058B778 /* MovieListView.swift */,
				D908D63C292870A30058B778 /* RecommendationView.swift */,
				D908D642292874DB0058B778 /* Movie.swift */,
				D908D63229286FEE0058B778 /* Assets.xcassets */,
				D908D63429286FEE0058B778 /* Preview Content */,
			);
			path = "Group 51 Final Project";
			sourceTree = "<group>";
		};
		D908D63429286FEE0058B778 /* Preview Content */ = {
			isa = PBXGroup;
			children = (
				D908D63529286FEE0058B778 /* Preview Assets.xcassets */,
			);
			path = "Preview Content";
			sourceTree = "<group>";
		};
/* End PBXGroup section */

/* Begin PBXNativeTarget section */
		D908D62A29286FEC0058B778 /* Group 51 Final Project */ = {
			isa = PBXNativeTarget;
			buildConfigurationList = D908D63929286FEE0058B778 /* Build configuration list for PBXNativeTarget "Group 51 Final Project" */;
			buildPhases = (
				D908D62729286FEC0058B778 /* Sources */,
				D908D62829286FEC0058B778 /* Frameworks */,
				D908D62929286FEC0058B778 /* Resources */,
			);
			buildRules = (
			);
			dependencies = (
			);
			name = "Group 51 Final Project";
			packageProductDependencies = (
				1DAAA09329313F4D001268A0 /* FirebaseAuth */,
				1DAAA09529313F4D001268A0 /* FirebaseDatabase */,
				1DAAA09729313F4D001268A0 /* FirebaseDatabaseSwift */,
			);
			productName = "Group 51 Final Project";
			productReference = D908D62B29286FEC0058B778 /* Group 51 Final Project.app */;
			productType = "com.apple.product-type.application";
		};
/* End PBXNativeTarget section */

/* Begin PBXProject section */
		D908D62329286FEC0058B778 /* Project object */ = {
			isa = PBXProject;
			attributes = {
				BuildIndependentTargetsInParallel = 1;
				LastSwiftUpdateCheck = 1400;
				LastUpgradeCheck = 1400;
				TargetAttributes = {
					D908D62A29286FEC0058B778 = {
						CreatedOnToolsVersion = 14.0.1;
					};
				};
			};
			buildConfigurationList = D908D62629286FEC0058B778 /* Build configuration list for PBXProject "Group 51 Final Project" */;
			compatibilityVersion = "Xcode 14.0";
			developmentRegion = en;
			hasScannedForEncodings = 0;
			knownRegions = (
				en,
				Base,
			);
			mainGroup = D908D62229286FEC0058B778;
			packageReferences = (
				1DAAA09229313F4D001268A0 /* XCRemoteSwiftPackageReference "firebase-ios-sdk" */,
			);
			productRefGroup = D908D62C29286FEC0058B778 /* Products */;
			projectDirPath = "";
			projectRoot = "";
			targets = (
				D908D62A29286FEC0058B778 /* Group 51 Final Project */,
			);
		};
/* End PBXProject section */

/* Begin PBXResourcesBuildPhase section */
		D908D62929286FEC0058B778 /* Resources */ = {
			isa = PBXResourcesBuildPhase;
			buildActionMask = 2147483647;
			files = (
				D908D63629286FEE0058B778 /* Preview Assets.xcassets in Resources */,
				D908D63329286FEE0058B778 /* Assets.xcassets in Resources */,
				1DAAA09129313D00001268A0 /* GoogleService-Info.plist in Resources */,
			);
			runOnlyForDeploymentPostprocessing = 0;
		};
/* End PBXResourcesBuildPhase section */

/* Begin PBXSourcesBuildPhase section */
		D908D62729286FEC0058B778 /* Sources */ = {
			isa = PBXSourcesBuildPhase;
			buildActionMask = 2147483647;
			files = (
				D908D63129286FEC0058B778 /* ContentView.swift in Sources */,
				D908D63F292872100058B778 /* MovieListView.swift in Sources */,
				D908D643292874DB0058B778 /* Movie.swift in Sources */,
				1DC6495A2932F6C2001670CF /* LogIn.swift in Sources */,
				D908D62F29286FEC0058B778 /* Group_51_Final_ProjectApp.swift in Sources */,
				D908D641292872460058B778 /* WatchListView.swift in Sources */,
				D908D63D292870A30058B778 /* RecommendationView.swift in Sources */,
			);
			runOnlyForDeploymentPostprocessing = 0;
		};
/* End PBXSourcesBuildPhase section */

/* Begin XCBuildConfiguration section */
		D908D63729286FEE0058B778 /* Debug */ = {
			isa = XCBuildConfiguration;
			buildSettings = {
				ALWAYS_SEARCH_USER_PATHS = NO;
				CLANG_ANALYZER_NONNULL = YES;
				CLANG_ANALYZER_NUMBER_OBJECT_CONVERSION = YES_AGGRESSIVE;
				CLANG_CXX_LANGUAGE_STANDARD = "gnu++20";
				CLANG_ENABLE_MODULES = YES;
				CLANG_ENABLE_OBJC_ARC = YES;
				CLANG_ENABLE_OBJC_WEAK = YES;
				CLANG_WARN_BLOCK_CAPTURE_AUTORELEASING = YES;
				CLANG_WARN_BOOL_CONVERSION = YES;
				CLANG_WARN_COMMA = YES;
				CLANG_WARN_CONSTANT_CONVERSION = YES;
				CLANG_WARN_DEPRECATED_OBJC_IMPLEMENTATIONS = YES;
				CLANG_WARN_DIRECT_OBJC_ISA_USAGE = YES_ERROR;
				CLANG_WARN_DOCUMENTATION_COMMENTS = YES;
				CLANG_WARN_EMPTY_BODY = YES;
				CLANG_WARN_ENUM_CONVERSION = YES;
				CLANG_WARN_INFINITE_RECURSION = YES;
				CLANG_WARN_INT_CONVERSION = YES;
				CLANG_WARN_NON_LITERAL_NULL_CONVERSION = YES;
				CLANG_WARN_OBJC_IMPLICIT_RETAIN_SELF = YES;
				CLANG_WARN_OBJC_LITERAL_CONVERSION = YES;
				CLANG_WARN_OBJC_ROOT_CLASS = YES_ERROR;
				CLANG_WARN_QUOTED_INCLUDE_IN_FRAMEWORK_HEADER = YES;
				CLANG_WARN_RANGE_LOOP_ANALYSIS = YES;
				CLANG_WARN_STRICT_PROTOTYPES = YES;
				CLANG_WARN_SUSPICIOUS_MOVE = YES;
				CLANG_WARN_UNGUARDED_AVAILABILITY = YES_AGGRESSIVE;
				CLANG_WARN_UNREACHABLE_CODE = YES;
				CLANG_WARN__DUPLICATE_METHOD_MATCH = YES;
				COPY_PHASE_STRIP = NO;
				DEBUG_INFORMATION_FORMAT = dwarf;
				ENABLE_STRICT_OBJC_MSGSEND = YES;
				ENABLE_TESTABILITY = YES;
				GCC_C_LANGUAGE_STANDARD = gnu11;
				GCC_DYNAMIC_NO_PIC = NO;
				GCC_NO_COMMON_BLOCKS = YES;
				GCC_OPTIMIZATION_LEVEL = 0;
				GCC_PREPROCESSOR_DEFINITIONS = (
					"DEBUG=1",
					"$(inherited)",
				);
				GCC_WARN_64_TO_32_BIT_CONVERSION = YES;
				GCC_WARN_ABOUT_RETURN_TYPE = YES_ERROR;
				GCC_WARN_UNDECLARED_SELECTOR = YES;
				GCC_WARN_UNINITIALIZED_AUTOS = YES_AGGRESSIVE;
				GCC_WARN_UNUSED_FUNCTION = YES;
				GCC_WARN_UNUSED_VARIABLE = YES;
				IPHONEOS_DEPLOYMENT_TARGET = 16.0;
				MTL_ENABLE_DEBUG_INFO = INCLUDE_SOURCE;
				MTL_FAST_MATH = YES;
				ONLY_ACTIVE_ARCH = YES;
				SDKROOT = iphoneos;
				SWIFT_ACTIVE_COMPILATION_CONDITIONS = DEBUG;
				SWIFT_OPTIMIZATION_LEVEL = "-Onone";
			};
			name = Debug;
		};
		D908D63829286FEE0058B778 /* Release */ = {
			isa = XCBuildConfiguration;
			buildSettings = {
				ALWAYS_SEARCH_USER_PATHS = NO;
				CLANG_ANALYZER_NONNULL = YES;
				CLANG_ANALYZER_NUMBER_OBJECT_CONVERSION = YES_AGGRESSIVE;
				CLANG_CXX_LANGUAGE_STANDARD = "gnu++20";
				CLANG_ENABLE_MODULES = YES;
				CLANG_ENABLE_OBJC_ARC = YES;
				CLANG_ENABLE_OBJC_WEAK = YES;
				CLANG_WARN_BLOCK_CAPTURE_AUTORELEASING = YES;
				CLANG_WARN_BOOL_CONVERSION = YES;
				CLANG_WARN_COMMA = YES;
				CLANG_WARN_CONSTANT_CONVERSION = YES;
				CLANG_WARN_DEPRECATED_OBJC_IMPLEMENTATIONS = YES;
				CLANG_WARN_DIRECT_OBJC_ISA_USAGE = YES_ERROR;
				CLANG_WARN_DOCUMENTATION_COMMENTS = YES;
				CLANG_WARN_EMPTY_BODY = YES;
				CLANG_WARN_ENUM_CONVERSION = YES;
				CLANG_WARN_INFINITE_RECURSION = YES;
				CLANG_WARN_INT_CONVERSION = YES;
				CLANG_WARN_NON_LITERAL_NULL_CONVERSION = YES;
				CLANG_WARN_OBJC_IMPLICIT_RETAIN_SELF = YES;
				CLANG_WARN_OBJC_LITERAL_CONVERSION = YES;
				CLANG_WARN_OBJC_ROOT_CLASS = YES_ERROR;
				CLANG_WARN_QUOTED_INCLUDE_IN_FRAMEWORK_HEADER = YES;
				CLANG_WARN_RANGE_LOOP_ANALYSIS = YES;
				CLANG_WARN_STRICT_PROTOTYPES = YES;
				CLANG_WARN_SUSPICIOUS_MOVE = YES;
				CLANG_WARN_UNGUARDED_AVAILABILITY = YES_AGGRESSIVE;
				CLANG_WARN_UNREACHABLE_CODE = YES;
				CLANG_WARN__DUPLICATE_METHOD_MATCH = YES;
				COPY_PHASE_STRIP = NO;
				DEBUG_INFORMATION_FORMAT = "dwarf-with-dsym";
				ENABLE_NS_ASSERTIONS = NO;
				ENABLE_STRICT_OBJC_MSGSEND = YES;
				GCC_C_LANGUAGE_STANDARD = gnu11;
				GCC_NO_COMMON_BLOCKS = YES;
				GCC_WARN_64_TO_32_BIT_CONVERSION = YES;
				GCC_WARN_ABOUT_RETURN_TYPE = YES_ERROR;
				GCC_WARN_UNDECLARED_SELECTOR = YES;
				GCC_WARN_UNINITIALIZED_AUTOS = YES_AGGRESSIVE;
				GCC_WARN_UNUSED_FUNCTION = YES;
				GCC_WARN_UNUSED_VARIABLE = YES;
				IPHONEOS_DEPLOYMENT_TARGET = 16.0;
				MTL_ENABLE_DEBUG_INFO = NO;
				MTL_FAST_MATH = YES;
				SDKROOT = iphoneos;
				SWIFT_COMPILATION_MODE = wholemodule;
				SWIFT_OPTIMIZATION_LEVEL = "-O";
				VALIDATE_PRODUCT = YES;
			};
			name = Release;
		};
		D908D63A29286FEE0058B778 /* Debug */ = {
			isa = XCBuildConfiguration;
			buildSettings = {
				ASSETCATALOG_COMPILER_APPICON_NAME = AppIcon;
				ASSETCATALOG_COMPILER_GLOBAL_ACCENT_COLOR_NAME = AccentColor;
				CODE_SIGN_STYLE = Automatic;
				CURRENT_PROJECT_VERSION = 1;
				DEVELOPMENT_ASSET_PATHS = "\"Group 51 Final Project/Preview Content\"";
				DEVELOPMENT_TEAM = 2XLQQMB82R;
				ENABLE_PREVIEWS = YES;
				GENERATE_INFOPLIST_FILE = YES;
				INFOPLIST_KEY_UIApplicationSceneManifest_Generation = YES;
				INFOPLIST_KEY_UIApplicationSupportsIndirectInputEvents = YES;
				INFOPLIST_KEY_UILaunchScreen_Generation = YES;
				INFOPLIST_KEY_UISupportedInterfaceOrientations_iPad = "UIInterfaceOrientationPortrait UIInterfaceOrientationPortraitUpsideDown UIInterfaceOrientationLandscapeLeft UIInterfaceOrientationLandscapeRight";
				INFOPLIST_KEY_UISupportedInterfaceOrientations_iPhone = "UIInterfaceOrientationPortrait UIInterfaceOrientationLandscapeLeft UIInterfaceOrientationLandscapeRight";
				LD_RUNPATH_SEARCH_PATHS = (
					"$(inherited)",
					"@executable_path/Frameworks",
				);
				MARKETING_VERSION = 1.0;
				PRODUCT_BUNDLE_IDENTIFIER = "Group-51.Group-51-Final-Project";
				PRODUCT_NAME = "$(TARGET_NAME)";
				SWIFT_EMIT_LOC_STRINGS = YES;
				SWIFT_VERSION = 5.0;
				TARGETED_DEVICE_FAMILY = "1,2";
			};
			name = Debug;
		};
		D908D63B29286FEE0058B778 /* Release */ = {
			isa = XCBuildConfiguration;
			buildSettings = {
				ASSETCATALOG_COMPILER_APPICON_NAME = AppIcon;
				ASSETCATALOG_COMPILER_GLOBAL_ACCENT_COLOR_NAME = AccentColor;
				CODE_SIGN_STYLE = Automatic;
				CURRENT_PROJECT_VERSION = 1;
				DEVELOPMENT_ASSET_PATHS = "\"Group 51 Final Project/Preview Content\"";
				DEVELOPMENT_TEAM = 2XLQQMB82R;
				ENABLE_PREVIEWS = YES;
				GENERATE_INFOPLIST_FILE = YES;
				INFOPLIST_KEY_UIApplicationSceneManifest_Generation = YES;
				INFOPLIST_KEY_UIApplicationSupportsIndirectInputEvents = YES;
				INFOPLIST_KEY_UILaunchScreen_Generation = YES;
				INFOPLIST_KEY_UISupportedInterfaceOrientations_iPad = "UIInterfaceOrientationPortrait UIInterfaceOrientationPortraitUpsideDown UIInterfaceOrientationLandscapeLeft UIInterfaceOrientationLandscapeRight";
				INFOPLIST_KEY_UISupportedInterfaceOrientations_iPhone = "UIInterfaceOrientationPortrait UIInterfaceOrientationLandscapeLeft UIInterfaceOrientationLandscapeRight";
				LD_RUNPATH_SEARCH_PATHS = (
					"$(inherited)",
					"@executable_path/Frameworks",
				);
				MARKETING_VERSION = 1.0;
				PRODUCT_BUNDLE_IDENTIFIER = "Group-51.Group-51-Final-Project";
				PRODUCT_NAME = "$(TARGET_NAME)";
				SWIFT_EMIT_LOC_STRINGS = YES;
				SWIFT_VERSION = 5.0;
				TARGETED_DEVICE_FAMILY = "1,2";
			};
			name = Release;
		};
/* End XCBuildConfiguration section */

/* Begin XCConfigurationList section */
		D908D62629286FEC0058B778 /* Build configuration list for PBXProject "Group 51 Final Project" */ = {
			isa = XCConfigurationList;
			buildConfigurations = (
				D908D63729286FEE0058B778 /* Debug */,
				D908D63829286FEE0058B778 /* Release */,
			);
			defaultConfigurationIsVisible = 0;
			defaultConfigurationName = Release;
		};
		D908D63929286FEE0058B778 /* Build configuration list for PBXNativeTarget "Group 51 Final Project" */ = {
			isa = XCConfigurationList;
			buildConfigurations = (
				D908D63A29286FEE0058B778 /* Debug */,
				D908D63B29286FEE0058B778 /* Release */,
			);
			defaultConfigurationIsVisible = 0;
			defaultConfigurationName = Release;
		};
/* End XCConfigurationList section */

/* Begin XCRemoteSwiftPackageReference section */
		1DAAA09229313F4D001268A0 /* XCRemoteSwiftPackageReference "firebase-ios-sdk" */ = {
			isa = XCRemoteSwiftPackageReference;
			repositoryURL = "https://github.com/firebase/firebase-ios-sdk.git";
			requirement = {
				kind = upToNextMajorVersion;
				minimumVersion = 9.0.0;
			};
		};
/* End XCRemoteSwiftPackageReference section */

/* Begin XCSwiftPackageProductDependency section */
		1DAAA09329313F4D001268A0 /* FirebaseAuth */ = {
			isa = XCSwiftPackageProductDependency;
			package = 1DAAA09229313F4D001268A0 /* XCRemoteSwiftPackageReference "firebase-ios-sdk" */;
			productName = FirebaseAuth;
		};
		1DAAA09529313F4D001268A0 /* FirebaseDatabase */ = {
			isa = XCSwiftPackageProductDependency;
			package = 1DAAA09229313F4D001268A0 /* XCRemoteSwiftPackageReference "firebase-ios-sdk" */;
			productName = FirebaseDatabase;
		};
		1DAAA09729313F4D001268A0 /* FirebaseDatabaseSwift */ = {
			isa = XCSwiftPackageProductDependency;
			package = 1DAAA09229313F4D001268A0 /* XCRemoteSwiftPackageReference "firebase-ios-sdk" */;
			productName = FirebaseDatabaseSwift;
		};
/* End XCSwiftPackageProductDependency section */
	};
	rootObject = D908D62329286FEC0058B778 /* Project object */;
}
